
Microsoft Visual Studio Solution File, Format Version 10.00
# Visual Studio 2008
Project("{8BC9CEB8-8B4A-11D0-8D11-00A0C91BC942}") = "libdlna", ".\libdlna\src\libdlna.vcproj", "{555CF1C4-72CE-4018-AE1A-32D78B76FD42}"
EndProject
Project("{8BC9CEB8-8B4A-11D0-8D11-00A0C91BC942}") = "libupnp", ".\libupnp\build\libupnp.vcproj", "{0DCA5FFD-5AA6-4433-8B5D-92F102FD7290}"
EndProject
Project("{8BC9CEB8-8B4A-11D0-8D11-00A0C91BC942}") = "pthread", ".\pthreads\pthread.vcproj", "{689E4E65-44C2-489E-B16C-2D4900866B4F}"
EndProject
Project("{8BC9CEB8-8B4A-11D0-8D11-00A0C91BC942}") = "uShare", ".\ushare\uShare.vcproj", "{B886D9BE-B461-44CC-BA1D-B86D6537C02B}"
	ProjectSection(ProjectDependencies) = postProject
		{689E4E65-44C2-489E-B16C-2D4900866B4F} = {689E4E65-44C2-489E-B16C-2D4900866B4F}
		{555CF1C4-72CE-4018-AE1A-32D78B76FD42} = {555CF1C4-72CE-4018-AE1A-32D78B76FD42}
		{0DCA5FFD-5AA6-4433-8B5D-92F102FD7290} = {0DCA5FFD-5AA6-4433-8B5D-92F102FD7290}
	EndProjectSection
EndProject
Global
	GlobalSection(SolutionConfigurationPlatforms) = preSolution
		Debug|Win32 = Debug|Win32
		Release|Win32 = Release|Win32
	EndGlobalSection
	GlobalSection(ProjectConfigurationPlatforms) = postSolution
		{555CF1C4-72CE-4018-AE1A-32D78B76FD42}.Debug|Win32.ActiveCfg = Debug|Win32
		{555CF1C4-72CE-4018-AE1A-32D78B76FD42}.Debug|Win32.Build.0 = Debug|Win32
		{555CF1C4-72CE-4018-AE1A-32D78B76FD42}.Release|Win32.ActiveCfg = Release|Win32
		{555CF1C4-72CE-4018-AE1A-32D78B76FD42}.Release|Win32.Build.0 = Release|Win32
		{0DCA5FFD-5AA6-4433-8B5D-92F102FD7290}.Debug|Win32.ActiveCfg = Debug|Win32
		{0DCA5FFD-5AA6-4433-8B5D-92F102FD7290}.Debug|Win32.Build.0 = Debug|Win32
		{0DCA5FFD-5AA6-4433-8B5D-92F102FD7290}.Release|Win32.ActiveCfg = Release|Win32
		{0DCA5FFD-5AA6-4433-8B5D-92F102FD7290}.Release|Win32.Build.0 = Release|Win32
		{689E4E65-44C2-489E-B16C-2D4900866B4F}.Debug|Win32.ActiveCfg = Debug|Win32
		{689E4E65-44C2-489E-B16C-2D4900866B4F}.Debug|Win32.Build.0 = Debug|Win32
		{689E4E65-44C2-489E-B16C-2D4900866B4F}.Release|Win32.ActiveCfg = Release|Win32
		{689E4E65-44C2-489E-B16C-2D4900866B4F}.Release|Win32.Build.0 = Release|Win32
		{B886D9BE-B461-44CC-BA1D-B86D6537C02B}.Debug|Win32.ActiveCfg = Debug|Win32
		{B886D9BE-B461-44CC-BA1D-B86D6537C02B}.Debug|Win32.Build.0 = Debug|Win32
		{B886D9BE-B461-44CC-BA1D-B86D6537C02B}.Release|Win32.ActiveCfg = Release|Win32
		{B886D9BE-B461-44CC-BA1D-B86D6537C02B}.Release|Win32.Build.0 = Release|Win32
	EndGlobalSection
	GlobalSection(SolutionProperties) = preSolution
		HideSolutionNode = FALSE
	EndGlobalSection
EndGlobal
